// !$*UTF8*$!
{
	archiveVersion = 1;
	classes = {
	};
	objectVersion = 46;
	objects = {

/* Begin PBXBuildFile section */
		A91657021565B6A700B5EB80 /* dot.png in Resources */ = {isa = PBXBuildFile; fileRef = A91657011565B6A700B5EB80 /* dot.png */; };
		A916A9DE1566C9F500362B04 /* UIKit.framework in Frameworks */ = {isa = PBXBuildFile; fileRef = A916A9DD1566C9F500362B04 /* UIKit.framework */; };
		A916A9DF1566C9F500362B04 /* Foundation.framework in Frameworks */ = {isa = PBXBuildFile; fileRef = A9F1E833155C34A3001C0C37 /* Foundation.framework */; };
		A916A9E11566C9F500362B04 /* CoreGraphics.framework in Frameworks */ = {isa = PBXBuildFile; fileRef = A916A9E01566C9F500362B04 /* CoreGraphics.framework */; };
		A916A9E71566C9F500362B04 /* InfoPlist.strings in Resources */ = {isa = PBXBuildFile; fileRef = A916A9E51566C9F500362B04 /* InfoPlist.strings */; };
		A916A9E91566C9F500362B04 /* main.m in Sources */ = {isa = PBXBuildFile; fileRef = A916A9E81566C9F500362B04 /* main.m */; };
		A916A9ED1566C9F500362B04 /* AppDelegate.m in Sources */ = {isa = PBXBuildFile; fileRef = A916A9EC1566C9F500362B04 /* AppDelegate.m */; };
		A916A9F01566C9F500362B04 /* ViewController.m in Sources */ = {isa = PBXBuildFile; fileRef = A916A9EF1566C9F500362B04 /* ViewController.m */; };
		A916A9F31566C9F500362B04 /* ViewController.xib in Resources */ = {isa = PBXBuildFile; fileRef = A916A9F11566C9F500362B04 /* ViewController.xib */; };
		A916A9F91566CA0300362B04 /* AVFoundation.framework in Frameworks */ = {isa = PBXBuildFile; fileRef = A916A9F81566CA0300362B04 /* AVFoundation.framework */; };
		A916A9FB1566CA0A00362B04 /* CoreMedia.framework in Frameworks */ = {isa = PBXBuildFile; fileRef = A916A9FA1566CA0A00362B04 /* CoreMedia.framework */; };
		A92D6A781582B7B20078866E /* Foundation.framework in Frameworks */ = {isa = PBXBuildFile; fileRef = A9F1E833155C34A3001C0C37 /* Foundation.framework */; };
		A92D6A7B1582B7B20078866E /* main.m in Sources */ = {isa = PBXBuildFile; fileRef = A92D6A7A1582B7B20078866E /* main.m */; };
		A92D6A7F1582B7B20078866E /* majororientation.1 in CopyFiles */ = {isa = PBXBuildFile; fileRef = A92D6A7E1582B7B20078866E /* majororientation.1 */; };
		A932E70E15AB3E840087FEFC /* RenderingUnitV03.m in Sources */ = {isa = PBXBuildFile; fileRef = A932E70D15AB3E840087FEFC /* RenderingUnitV03.m */; };
		A932E70F15AB3E840087FEFC /* RenderingUnitV03.m in Sources */ = {isa = PBXBuildFile; fileRef = A932E70D15AB3E840087FEFC /* RenderingUnitV03.m */; };
		A932E71315AB410D0087FEFC /* TouchPathProxy.m in Sources */ = {isa = PBXBuildFile; fileRef = A932E71215AB410D0087FEFC /* TouchPathProxy.m */; };
		A932E71415AB410D0087FEFC /* TouchPathProxy.m in Sources */ = {isa = PBXBuildFile; fileRef = A932E71215AB410D0087FEFC /* TouchPathProxy.m */; };
		A932E71715AB6F000087FEFC /* LineRectLayer.m in Sources */ = {isa = PBXBuildFile; fileRef = A932E71615AB6F000087FEFC /* LineRectLayer.m */; };
		A932E71815AB6F000087FEFC /* LineRectLayer.m in Sources */ = {isa = PBXBuildFile; fileRef = A932E71615AB6F000087FEFC /* LineRectLayer.m */; };
		A93E65411575959C00AA1F20 /* RenderingUnitV02.m in Sources */ = {isa = PBXBuildFile; fileRef = A93E65401575959C00AA1F20 /* RenderingUnitV02.m */; };
		A93E65421575959C00AA1F20 /* RenderingUnitV02.m in Sources */ = {isa = PBXBuildFile; fileRef = A93E65401575959C00AA1F20 /* RenderingUnitV02.m */; };
		A93E65431575959C00AA1F20 /* RenderingUnitV02.m in Sources */ = {isa = PBXBuildFile; fileRef = A93E65401575959C00AA1F20 /* RenderingUnitV02.m */; };
		A93E6547157595BD00AA1F20 /* RenderingUnitV01.m in Sources */ = {isa = PBXBuildFile; fileRef = A93E6546157595BD00AA1F20 /* RenderingUnitV01.m */; };
		A93E6548157595BD00AA1F20 /* RenderingUnitV01.m in Sources */ = {isa = PBXBuildFile; fileRef = A93E6546157595BD00AA1F20 /* RenderingUnitV01.m */; };
		A93E6549157595BD00AA1F20 /* RenderingUnitV01.m in Sources */ = {isa = PBXBuildFile; fileRef = A93E6546157595BD00AA1F20 /* RenderingUnitV01.m */; };
		A95DA48115624C3100B00019 /* CoreMedia.framework in Frameworks */ = {isa = PBXBuildFile; fileRef = A95DA48015624C3100B00019 /* CoreMedia.framework */; };
		A96D6AF0157802E000AEC72C /* RectLayer.m in Sources */ = {isa = PBXBuildFile; fileRef = A96D6AEF157802E000AEC72C /* RectLayer.m */; };
		A96D6AF2157802EA00AEC72C /* RectLayer.m in Sources */ = {isa = PBXBuildFile; fileRef = A96D6AEF157802E000AEC72C /* RectLayer.m */; };
		A96D6AF3157802EB00AEC72C /* RectLayer.m in Sources */ = {isa = PBXBuildFile; fileRef = A96D6AEF157802E000AEC72C /* RectLayer.m */; };
		A9967769156B99EC00A55D7B /* RenderingUnit.m in Sources */ = {isa = PBXBuildFile; fileRef = A9967768156B99EC00A55D7B /* RenderingUnit.m */; };
		A996776A156B99EC00A55D7B /* RenderingUnit.m in Sources */ = {isa = PBXBuildFile; fileRef = A9967768156B99EC00A55D7B /* RenderingUnit.m */; };
		A996776B156BA85700A55D7B /* QuartzCore.framework in Frameworks */ = {isa = PBXBuildFile; fileRef = A9F1E868155C4F84001C0C37 /* QuartzCore.framework */; };
		A996776C156BA86600A55D7B /* Cocoa.framework in Frameworks */ = {isa = PBXBuildFile; fileRef = A9F1E849155C4BBD001C0C37 /* Cocoa.framework */; };
		A996776D156BA87900A55D7B /* CoreMedia.framework in Frameworks */ = {isa = PBXBuildFile; fileRef = A95DA48015624C3100B00019 /* CoreMedia.framework */; };
		A99DED3A156509020022DD0F /* TouchLayer.m in Sources */ = {isa = PBXBuildFile; fileRef = A99DED39156509020022DD0F /* TouchLayer.m */; };
		A99DED3B156509020022DD0F /* TouchLayer.m in Sources */ = {isa = PBXBuildFile; fileRef = A99DED39156509020022DD0F /* TouchLayer.m */; };
		A9C800031566CA440002B91F /* TouchLayer.m in Sources */ = {isa = PBXBuildFile; fileRef = A99DED39156509020022DD0F /* TouchLayer.m */; };
		A9C800061566CB010002B91F /* 158.mp4 in Resources */ = {isa = PBXBuildFile; fileRef = A9C800041566CB010002B91F /* 158.mp4 */; };
		A9C800071566CB010002B91F /* touches-158.plist in Resources */ = {isa = PBXBuildFile; fileRef = A9C800051566CB010002B91F /* touches-158.plist */; };
		A9C800091566CBA00002B91F /* QuartzCore.framework in Frameworks */ = {isa = PBXBuildFile; fileRef = A9C800081566CBA00002B91F /* QuartzCore.framework */; };
		A9C8000F1566D1470002B91F /* AssetsLibrary.framework in Frameworks */ = {isa = PBXBuildFile; fileRef = A9C8000E1566D1470002B91F /* AssetsLibrary.framework */; };
		A9F1E834155C34A3001C0C37 /* Foundation.framework in Frameworks */ = {isa = PBXBuildFile; fileRef = A9F1E833155C34A3001C0C37 /* Foundation.framework */; };
		A9F1E837155C34A3001C0C37 /* main.m in Sources */ = {isa = PBXBuildFile; fileRef = A9F1E836155C34A3001C0C37 /* main.m */; };
		A9F1E83B155C34A3001C0C37 /* gesturedrawer.1 in CopyFiles */ = {isa = PBXBuildFile; fileRef = A9F1E83A155C34A3001C0C37 /* gesturedrawer.1 */; };
		A9F1E842155C34B0001C0C37 /* AVFoundation.framework in Frameworks */ = {isa = PBXBuildFile; fileRef = A9F1E841155C34B0001C0C37 /* AVFoundation.framework */; };
		A9F1E84A155C4BBD001C0C37 /* Cocoa.framework in Frameworks */ = {isa = PBXBuildFile; fileRef = A9F1E849155C4BBD001C0C37 /* Cocoa.framework */; };
		A9F1E854155C4BBD001C0C37 /* InfoPlist.strings in Resources */ = {isa = PBXBuildFile; fileRef = A9F1E852155C4BBD001C0C37 /* InfoPlist.strings */; };
		A9F1E856155C4BBD001C0C37 /* main.m in Sources */ = {isa = PBXBuildFile; fileRef = A9F1E855155C4BBD001C0C37 /* main.m */; };
		A9F1E85A155C4BBD001C0C37 /* Credits.rtf in Resources */ = {isa = PBXBuildFile; fileRef = A9F1E858155C4BBD001C0C37 /* Credits.rtf */; };
		A9F1E85D155C4BBD001C0C37 /* AppDelegate.m in Sources */ = {isa = PBXBuildFile; fileRef = A9F1E85C155C4BBD001C0C37 /* AppDelegate.m */; };
		A9F1E860155C4BBD001C0C37 /* MainMenu.xib in Resources */ = {isa = PBXBuildFile; fileRef = A9F1E85E155C4BBD001C0C37 /* MainMenu.xib */; };
		A9F1E867155C4F79001C0C37 /* AVFoundation.framework in Frameworks */ = {isa = PBXBuildFile; fileRef = A9F1E841155C34B0001C0C37 /* AVFoundation.framework */; };
		A9F1E869155C4F84001C0C37 /* QuartzCore.framework in Frameworks */ = {isa = PBXBuildFile; fileRef = A9F1E868155C4F84001C0C37 /* QuartzCore.framework */; };
/* End PBXBuildFile section */

/* Begin PBXCopyFilesBuildPhase section */
		A92D6A741582B7B20078866E /* CopyFiles */ = {
			isa = PBXCopyFilesBuildPhase;
			buildActionMask = 2147483647;
			dstPath = /usr/share/man/man1/;
			dstSubfolderSpec = 0;
			files = (
				A92D6A7F1582B7B20078866E /* majororientation.1 in CopyFiles */,
			);
			runOnlyForDeploymentPostprocessing = 1;
		};
		A9F1E82D155C34A3001C0C37 /* CopyFiles */ = {
			isa = PBXCopyFilesBuildPhase;
			buildActionMask = 2147483647;
			dstPath = /usr/share/man/man1/;
			dstSubfolderSpec = 0;
			files = (
				A9F1E83B155C34A3001C0C37 /* gesturedrawer.1 in CopyFiles */,
			);
			runOnlyForDeploymentPostprocessing = 1;
		};
/* End PBXCopyFilesBuildPhase section */

/* Begin PBXFileReference section */
		A91657011565B6A700B5EB80 /* dot.png */ = {isa = PBXFileReference; lastKnownFileType = image.png; path = dot.png; sourceTree = "<group>"; };
		A916A9DB1566C9F500362B04 /* GestureCompositorMobile.app */ = {isa = PBXFileReference; explicitFileType = wrapper.application; includeInIndex = 0; path = GestureCompositorMobile.app; sourceTree = BUILT_PRODUCTS_DIR; };
		A916A9DD1566C9F500362B04 /* UIKit.framework */ = {isa = PBXFileReference; lastKnownFileType = wrapper.framework; name = UIKit.framework; path = Library/Frameworks/UIKit.framework; sourceTree = DEVELOPER_DIR; };
		A916A9E01566C9F500362B04 /* CoreGraphics.framework */ = {isa = PBXFileReference; lastKnownFileType = wrapper.framework; name = CoreGraphics.framework; path = Library/Frameworks/CoreGraphics.framework; sourceTree = DEVELOPER_DIR; };
		A916A9E41566C9F500362B04 /* GestureCompositorMobile-Info.plist */ = {isa = PBXFileReference; lastKnownFileType = text.plist.xml; path = "GestureCompositorMobile-Info.plist"; sourceTree = "<group>"; };
		A916A9E61566C9F500362B04 /* en */ = {isa = PBXFileReference; lastKnownFileType = text.plist.strings; name = en; path = en.lproj/InfoPlist.strings; sourceTree = "<group>"; };
		A916A9E81566C9F500362B04 /* main.m */ = {isa = PBXFileReference; lastKnownFileType = sourcecode.c.objc; path = main.m; sourceTree = "<group>"; };
		A916A9EA1566C9F500362B04 /* GestureCompositorMobile-Prefix.pch */ = {isa = PBXFileReference; lastKnownFileType = sourcecode.c.h; path = "GestureCompositorMobile-Prefix.pch"; sourceTree = "<group>"; };
		A916A9EB1566C9F500362B04 /* AppDelegate.h */ = {isa = PBXFileReference; lastKnownFileType = sourcecode.c.h; path = AppDelegate.h; sourceTree = "<group>"; };
		A916A9EC1566C9F500362B04 /* AppDelegate.m */ = {isa = PBXFileReference; lastKnownFileType = sourcecode.c.objc; path = AppDelegate.m; sourceTree = "<group>"; };
		A916A9EE1566C9F500362B04 /* ViewController.h */ = {isa = PBXFileReference; lastKnownFileType = sourcecode.c.h; path = ViewController.h; sourceTree = "<group>"; };
		A916A9EF1566C9F500362B04 /* ViewController.m */ = {isa = PBXFileReference; lastKnownFileType = sourcecode.c.objc; path = ViewController.m; sourceTree = "<group>"; };
		A916A9F21566C9F500362B04 /* en */ = {isa = PBXFileReference; lastKnownFileType = file.xib; name = en; path = en.lproj/ViewController.xib; sourceTree = "<group>"; };
		A916A9F81566CA0300362B04 /* AVFoundation.framework */ = {isa = PBXFileReference; lastKnownFileType = wrapper.framework; name = AVFoundation.framework; path = Platforms/iPhoneOS.platform/Developer/SDKs/iPhoneOS5.1.sdk/System/Library/Frameworks/AVFoundation.framework; sourceTree = DEVELOPER_DIR; };
		A916A9FA1566CA0A00362B04 /* CoreMedia.framework */ = {isa = PBXFileReference; lastKnownFileType = wrapper.framework; name = CoreMedia.framework; path = Platforms/iPhoneOS.platform/Developer/SDKs/iPhoneOS5.1.sdk/System/Library/Frameworks/CoreMedia.framework; sourceTree = DEVELOPER_DIR; };
		A92D6A671582B7510078866E /* CoreFoundation.framework */ = {isa = PBXFileReference; lastKnownFileType = wrapper.framework; name = CoreFoundation.framework; path = System/Library/Frameworks/CoreFoundation.framework; sourceTree = SDKROOT; };
		A92D6A761582B7B20078866E /* majororientation */ = {isa = PBXFileReference; explicitFileType = "compiled.mach-o.executable"; includeInIndex = 0; path = majororientation; sourceTree = BUILT_PRODUCTS_DIR; };
		A92D6A7A1582B7B20078866E /* main.m */ = {isa = PBXFileReference; lastKnownFileType = sourcecode.c.objc; path = main.m; sourceTree = "<group>"; };
		A92D6A7D1582B7B20078866E /* majororientation-Prefix.pch */ = {isa = PBXFileReference; lastKnownFileType = sourcecode.c.h; path = "majororientation-Prefix.pch"; sourceTree = "<group>"; };
		A92D6A7E1582B7B20078866E /* majororientation.1 */ = {isa = PBXFileReference; lastKnownFileType = text.man; path = majororientation.1; sourceTree = "<group>"; };
		A932E70C15AB3E840087FEFC /* RenderingUnitV03.h */ = {isa = PBXFileReference; fileEncoding = 4; lastKnownFileType = sourcecode.c.h; path = RenderingUnitV03.h; sourceTree = "<group>"; };
		A932E70D15AB3E840087FEFC /* RenderingUnitV03.m */ = {isa = PBXFileReference; fileEncoding = 4; lastKnownFileType = sourcecode.c.objc; path = RenderingUnitV03.m; sourceTree = "<group>"; };
		A932E71115AB410D0087FEFC /* TouchPathProxy.h */ = {isa = PBXFileReference; fileEncoding = 4; lastKnownFileType = sourcecode.c.h; path = TouchPathProxy.h; sourceTree = "<group>"; };
		A932E71215AB410D0087FEFC /* TouchPathProxy.m */ = {isa = PBXFileReference; fileEncoding = 4; lastKnownFileType = sourcecode.c.objc; path = TouchPathProxy.m; sourceTree = "<group>"; };
		A932E71515AB6F000087FEFC /* LineRectLayer.h */ = {isa = PBXFileReference; fileEncoding = 4; lastKnownFileType = sourcecode.c.h; path = LineRectLayer.h; sourceTree = "<group>"; };
		A932E71615AB6F000087FEFC /* LineRectLayer.m */ = {isa = PBXFileReference; fileEncoding = 4; lastKnownFileType = sourcecode.c.objc; path = LineRectLayer.m; sourceTree = "<group>"; };
		A93E653F1575959C00AA1F20 /* RenderingUnitV02.h */ = {isa = PBXFileReference; fileEncoding = 4; lastKnownFileType = sourcecode.c.h; path = RenderingUnitV02.h; sourceTree = "<group>"; };
		A93E65401575959C00AA1F20 /* RenderingUnitV02.m */ = {isa = PBXFileReference; fileEncoding = 4; lastKnownFileType = sourcecode.c.objc; path = RenderingUnitV02.m; sourceTree = "<group>"; };
		A93E6545157595BD00AA1F20 /* RenderingUnitV01.h */ = {isa = PBXFileReference; fileEncoding = 4; lastKnownFileType = sourcecode.c.h; path = RenderingUnitV01.h; sourceTree = "<group>"; };
		A93E6546157595BD00AA1F20 /* RenderingUnitV01.m */ = {isa = PBXFileReference; fileEncoding = 4; lastKnownFileType = sourcecode.c.objc; path = RenderingUnitV01.m; sourceTree = "<group>"; };
		A95DA48015624C3100B00019 /* CoreMedia.framework */ = {isa = PBXFileReference; lastKnownFileType = wrapper.framework; name = CoreMedia.framework; path = System/Library/Frameworks/CoreMedia.framework; sourceTree = SDKROOT; };
		A96D6AEE157802DF00AEC72C /* RectLayer.h */ = {isa = PBXFileReference; fileEncoding = 4; lastKnownFileType = sourcecode.c.h; path = RectLayer.h; sourceTree = "<group>"; };
		A96D6AEF157802E000AEC72C /* RectLayer.m */ = {isa = PBXFileReference; fileEncoding = 4; lastKnownFileType = sourcecode.c.objc; path = RectLayer.m; sourceTree = "<group>"; };
		A9967767156B99EC00A55D7B /* RenderingUnit.h */ = {isa = PBXFileReference; fileEncoding = 4; lastKnownFileType = sourcecode.c.h; path = RenderingUnit.h; sourceTree = "<group>"; };
		A9967768156B99EC00A55D7B /* RenderingUnit.m */ = {isa = PBXFileReference; fileEncoding = 4; lastKnownFileType = sourcecode.c.objc; path = RenderingUnit.m; sourceTree = "<group>"; };
		A99DED38156509020022DD0F /* TouchLayer.h */ = {isa = PBXFileReference; fileEncoding = 4; lastKnownFileType = sourcecode.c.h; path = TouchLayer.h; sourceTree = "<group>"; };
		A99DED39156509020022DD0F /* TouchLayer.m */ = {isa = PBXFileReference; fileEncoding = 4; lastKnownFileType = sourcecode.c.objc; path = TouchLayer.m; sourceTree = "<group>"; };
		A9C800041566CB010002B91F /* 158.mp4 */ = {isa = PBXFileReference; lastKnownFileType = file; path = 158.mp4; sourceTree = "<group>"; };
		A9C800051566CB010002B91F /* touches-158.plist */ = {isa = PBXFileReference; fileEncoding = 4; lastKnownFileType = text.plist.xml; path = "touches-158.plist"; sourceTree = "<group>"; };
		A9C800081566CBA00002B91F /* QuartzCore.framework */ = {isa = PBXFileReference; lastKnownFileType = wrapper.framework; name = QuartzCore.framework; path = Platforms/iPhoneOS.platform/Developer/SDKs/iPhoneOS5.1.sdk/System/Library/Frameworks/QuartzCore.framework; sourceTree = DEVELOPER_DIR; };
		A9C8000E1566D1470002B91F /* AssetsLibrary.framework */ = {isa = PBXFileReference; lastKnownFileType = wrapper.framework; name = AssetsLibrary.framework; path = Platforms/iPhoneOS.platform/Developer/SDKs/iPhoneOS5.1.sdk/System/Library/Frameworks/AssetsLibrary.framework; sourceTree = DEVELOPER_DIR; };
		A9EAEFE3155D03AB005B17ED /* README */ = {isa = PBXFileReference; lastKnownFileType = text; path = README; sourceTree = "<group>"; };
		A9F1E82F155C34A3001C0C37 /* gesturedrawer */ = {isa = PBXFileReference; explicitFileType = "compiled.mach-o.executable"; includeInIndex = 0; path = gesturedrawer; sourceTree = BUILT_PRODUCTS_DIR; };
		A9F1E833155C34A3001C0C37 /* Foundation.framework */ = {isa = PBXFileReference; lastKnownFileType = wrapper.framework; name = Foundation.framework; path = System/Library/Frameworks/Foundation.framework; sourceTree = SDKROOT; };
		A9F1E836155C34A3001C0C37 /* main.m */ = {isa = PBXFileReference; lastKnownFileType = sourcecode.c.objc; path = main.m; sourceTree = "<group>"; };
		A9F1E839155C34A3001C0C37 /* gesturedrawer-Prefix.pch */ = {isa = PBXFileReference; lastKnownFileType = sourcecode.c.h; path = "gesturedrawer-Prefix.pch"; sourceTree = "<group>"; };
		A9F1E83A155C34A3001C0C37 /* gesturedrawer.1 */ = {isa = PBXFileReference; lastKnownFileType = text.man; path = gesturedrawer.1; sourceTree = "<group>"; };
		A9F1E841155C34B0001C0C37 /* AVFoundation.framework */ = {isa = PBXFileReference; lastKnownFileType = wrapper.framework; name = AVFoundation.framework; path = System/Library/Frameworks/AVFoundation.framework; sourceTree = SDKROOT; };
		A9F1E847155C4BBD001C0C37 /* GestureCompositor.app */ = {isa = PBXFileReference; explicitFileType = wrapper.application; includeInIndex = 0; path = GestureCompositor.app; sourceTree = BUILT_PRODUCTS_DIR; };
		A9F1E849155C4BBD001C0C37 /* Cocoa.framework */ = {isa = PBXFileReference; lastKnownFileType = wrapper.framework; name = Cocoa.framework; path = System/Library/Frameworks/Cocoa.framework; sourceTree = SDKROOT; };
		A9F1E84C155C4BBD001C0C37 /* AppKit.framework */ = {isa = PBXFileReference; lastKnownFileType = wrapper.framework; name = AppKit.framework; path = System/Library/Frameworks/AppKit.framework; sourceTree = SDKROOT; };
		A9F1E84D155C4BBD001C0C37 /* CoreData.framework */ = {isa = PBXFileReference; lastKnownFileType = wrapper.framework; name = CoreData.framework; path = System/Library/Frameworks/CoreData.framework; sourceTree = SDKROOT; };
		A9F1E84E155C4BBD001C0C37 /* Foundation.framework */ = {isa = PBXFileReference; lastKnownFileType = wrapper.framework; name = Foundation.framework; path = System/Library/Frameworks/Foundation.framework; sourceTree = SDKROOT; };
		A9F1E851155C4BBD001C0C37 /* GestureCompositor-Info.plist */ = {isa = PBXFileReference; lastKnownFileType = text.plist.xml; path = "GestureCompositor-Info.plist"; sourceTree = "<group>"; };
		A9F1E853155C4BBD001C0C37 /* en */ = {isa = PBXFileReference; lastKnownFileType = text.plist.strings; name = en; path = en.lproj/InfoPlist.strings; sourceTree = "<group>"; };
		A9F1E855155C4BBD001C0C37 /* main.m */ = {isa = PBXFileReference; lastKnownFileType = sourcecode.c.objc; path = main.m; sourceTree = "<group>"; };
		A9F1E857155C4BBD001C0C37 /* GestureCompositor-Prefix.pch */ = {isa = PBXFileReference; lastKnownFileType = sourcecode.c.h; path = "GestureCompositor-Prefix.pch"; sourceTree = "<group>"; };
		A9F1E859155C4BBD001C0C37 /* en */ = {isa = PBXFileReference; lastKnownFileType = text.rtf; name = en; path = en.lproj/Credits.rtf; sourceTree = "<group>"; };
		A9F1E85B155C4BBD001C0C37 /* AppDelegate.h */ = {isa = PBXFileReference; lastKnownFileType = sourcecode.c.h; path = AppDelegate.h; sourceTree = "<group>"; };
		A9F1E85C155C4BBD001C0C37 /* AppDelegate.m */ = {isa = PBXFileReference; lastKnownFileType = sourcecode.c.objc; path = AppDelegate.m; sourceTree = "<group>"; };
		A9F1E85F155C4BBD001C0C37 /* en */ = {isa = PBXFileReference; lastKnownFileType = file.xib; name = en; path = en.lproj/MainMenu.xib; sourceTree = "<group>"; };
		A9F1E868155C4F84001C0C37 /* QuartzCore.framework */ = {isa = PBXFileReference; lastKnownFileType = wrapper.framework; name = QuartzCore.framework; path = System/Library/Frameworks/QuartzCore.framework; sourceTree = SDKROOT; };
/* End PBXFileReference section */

/* Begin PBXFrameworksBuildPhase section */
		A916A9D81566C9F500362B04 /* Frameworks */ = {
			isa = PBXFrameworksBuildPhase;
			buildActionMask = 2147483647;
			files = (
				A9C8000F1566D1470002B91F /* AssetsLibrary.framework in Frameworks */,
				A9C800091566CBA00002B91F /* QuartzCore.framework in Frameworks */,
				A916A9FB1566CA0A00362B04 /* CoreMedia.framework in Frameworks */,
				A916A9F91566CA0300362B04 /* AVFoundation.framework in Frameworks */,
				A916A9DE1566C9F500362B04 /* UIKit.framework in Frameworks */,
				A916A9DF1566C9F500362B04 /* Foundation.framework in Frameworks */,
				A916A9E11566C9F500362B04 /* CoreGraphics.framework in Frameworks */,
			);
			runOnlyForDeploymentPostprocessing = 0;
		};
		A92D6A731582B7B20078866E /* Frameworks */ = {
			isa = PBXFrameworksBuildPhase;
			buildActionMask = 2147483647;
			files = (
				A92D6A781582B7B20078866E /* Foundation.framework in Frameworks */,
			);
			runOnlyForDeploymentPostprocessing = 0;
		};
		A9F1E82C155C34A3001C0C37 /* Frameworks */ = {
			isa = PBXFrameworksBuildPhase;
			buildActionMask = 2147483647;
			files = (
				A996776D156BA87900A55D7B /* CoreMedia.framework in Frameworks */,
				A996776C156BA86600A55D7B /* Cocoa.framework in Frameworks */,
				A996776B156BA85700A55D7B /* QuartzCore.framework in Frameworks */,
				A9F1E842155C34B0001C0C37 /* AVFoundation.framework in Frameworks */,
				A9F1E834155C34A3001C0C37 /* Foundation.framework in Frameworks */,
			);
			runOnlyForDeploymentPostprocessing = 0;
		};
		A9F1E844155C4BBD001C0C37 /* Frameworks */ = {
			isa = PBXFrameworksBuildPhase;
			buildActionMask = 2147483647;
			files = (
				A95DA48115624C3100B00019 /* CoreMedia.framework in Frameworks */,
				A9F1E869155C4F84001C0C37 /* QuartzCore.framework in Frameworks */,
				A9F1E867155C4F79001C0C37 /* AVFoundation.framework in Frameworks */,
				A9F1E84A155C4BBD001C0C37 /* Cocoa.framework in Frameworks */,
			);
			runOnlyForDeploymentPostprocessing = 0;
		};
/* End PBXFrameworksBuildPhase section */

/* Begin PBXGroup section */
		A916A9E21566C9F500362B04 /* GestureCompositorMobile */ = {
			isa = PBXGroup;
			children = (
				A916A9EB1566C9F500362B04 /* AppDelegate.h */,
				A916A9EC1566C9F500362B04 /* AppDelegate.m */,
				A916A9EE1566C9F500362B04 /* ViewController.h */,
				A916A9EF1566C9F500362B04 /* ViewController.m */,
				A916A9F11566C9F500362B04 /* ViewController.xib */,
				A916A9E31566C9F500362B04 /* Supporting Files */,
			);
			path = GestureCompositorMobile;
			sourceTree = "<group>";
		};
		A916A9E31566C9F500362B04 /* Supporting Files */ = {
			isa = PBXGroup;
			children = (
				A9C800041566CB010002B91F /* 158.mp4 */,
				A9C800051566CB010002B91F /* touches-158.plist */,
				A916A9E41566C9F500362B04 /* GestureCompositorMobile-Info.plist */,
				A916A9E51566C9F500362B04 /* InfoPlist.strings */,
				A916A9E81566C9F500362B04 /* main.m */,
				A916A9EA1566C9F500362B04 /* GestureCompositorMobile-Prefix.pch */,
			);
			name = "Supporting Files";
			sourceTree = "<group>";
		};
		A92D6A791582B7B20078866E /* majororientation */ = {
			isa = PBXGroup;
			children = (
				A92D6A7A1582B7B20078866E /* main.m */,
				A92D6A7E1582B7B20078866E /* majororientation.1 */,
				A92D6A7C1582B7B20078866E /* Supporting Files */,
			);
			path = majororientation;
			sourceTree = "<group>";
		};
		A92D6A7C1582B7B20078866E /* Supporting Files */ = {
			isa = PBXGroup;
			children = (
				A92D6A7D1582B7B20078866E /* majororientation-Prefix.pch */,
			);
			name = "Supporting Files";
			sourceTree = "<group>";
		};
		A9F1E824155C34A3001C0C37 = {
			isa = PBXGroup;
			children = (
				A9EAEFE3155D03AB005B17ED /* README */,
				A9F1E835155C34A3001C0C37 /* gesturedrawer */,
				A9F1E84F155C4BBD001C0C37 /* GestureCompositor */,
				A916A9E21566C9F500362B04 /* GestureCompositorMobile */,
				A92D6A791582B7B20078866E /* majororientation */,
				A9F1E832155C34A3001C0C37 /* Frameworks */,
				A9F1E830155C34A3001C0C37 /* Products */,
			);
			sourceTree = "<group>";
		};
		A9F1E830155C34A3001C0C37 /* Products */ = {
			isa = PBXGroup;
			children = (
				A9F1E82F155C34A3001C0C37 /* gesturedrawer */,
				A9F1E847155C4BBD001C0C37 /* GestureCompositor.app */,
				A916A9DB1566C9F500362B04 /* GestureCompositorMobile.app */,
				A92D6A761582B7B20078866E /* majororientation */,
			);
			name = Products;
			sourceTree = "<group>";
		};
		A9F1E832155C34A3001C0C37 /* Frameworks */ = {
			isa = PBXGroup;
			children = (
				A9C8000E1566D1470002B91F /* AssetsLibrary.framework */,
				A9C800081566CBA00002B91F /* QuartzCore.framework */,
				A916A9FA1566CA0A00362B04 /* CoreMedia.framework */,
				A916A9F81566CA0300362B04 /* AVFoundation.framework */,
				A95DA48015624C3100B00019 /* CoreMedia.framework */,
				A9F1E868155C4F84001C0C37 /* QuartzCore.framework */,
				A9F1E841155C34B0001C0C37 /* AVFoundation.framework */,
				A9F1E833155C34A3001C0C37 /* Foundation.framework */,
				A9F1E849155C4BBD001C0C37 /* Cocoa.framework */,
				A916A9DD1566C9F500362B04 /* UIKit.framework */,
				A916A9E01566C9F500362B04 /* CoreGraphics.framework */,
				A92D6A671582B7510078866E /* CoreFoundation.framework */,
				A9F1E84B155C4BBD001C0C37 /* Other Frameworks */,
			);
			name = Frameworks;
			sourceTree = "<group>";
		};
		A9F1E835155C34A3001C0C37 /* gesturedrawer */ = {
			isa = PBXGroup;
			children = (
				A9F1E836155C34A3001C0C37 /* main.m */,
				A9F1E83A155C34A3001C0C37 /* gesturedrawer.1 */,
				A9F1E838155C34A3001C0C37 /* Supporting Files */,
				A99DED38156509020022DD0F /* TouchLayer.h */,
				A99DED39156509020022DD0F /* TouchLayer.m */,
				A9967767156B99EC00A55D7B /* RenderingUnit.h */,
				A9967768156B99EC00A55D7B /* RenderingUnit.m */,
				A932E70C15AB3E840087FEFC /* RenderingUnitV03.h */,
				A932E70D15AB3E840087FEFC /* RenderingUnitV03.m */,
				A93E653F1575959C00AA1F20 /* RenderingUnitV02.h */,
				A93E65401575959C00AA1F20 /* RenderingUnitV02.m */,
				A93E6545157595BD00AA1F20 /* RenderingUnitV01.h */,
				A93E6546157595BD00AA1F20 /* RenderingUnitV01.m */,
				A96D6AEE157802DF00AEC72C /* RectLayer.h */,
				A96D6AEF157802E000AEC72C /* RectLayer.m */,
				A932E71115AB410D0087FEFC /* TouchPathProxy.h */,
				A932E71215AB410D0087FEFC /* TouchPathProxy.m */,
				A932E71515AB6F000087FEFC /* LineRectLayer.h */,
				A932E71615AB6F000087FEFC /* LineRectLayer.m */,
			);
			path = gesturedrawer;
			sourceTree = "<group>";
		};
		A9F1E838155C34A3001C0C37 /* Supporting Files */ = {
			isa = PBXGroup;
			children = (
				A9F1E839155C34A3001C0C37 /* gesturedrawer-Prefix.pch */,
			);
			name = "Supporting Files";
			sourceTree = "<group>";
		};
		A9F1E84B155C4BBD001C0C37 /* Other Frameworks */ = {
			isa = PBXGroup;
			children = (
				A9F1E84C155C4BBD001C0C37 /* AppKit.framework */,
				A9F1E84D155C4BBD001C0C37 /* CoreData.framework */,
				A9F1E84E155C4BBD001C0C37 /* Foundation.framework */,
			);
			name = "Other Frameworks";
			sourceTree = "<group>";
		};
		A9F1E84F155C4BBD001C0C37 /* GestureCompositor */ = {
			isa = PBXGroup;
			children = (
				A9F1E85B155C4BBD001C0C37 /* AppDelegate.h */,
				A9F1E85C155C4BBD001C0C37 /* AppDelegate.m */,
				A9F1E85E155C4BBD001C0C37 /* MainMenu.xib */,
				A9F1E850155C4BBD001C0C37 /* Supporting Files */,
			);
			path = GestureCompositor;
			sourceTree = "<group>";
		};
		A9F1E850155C4BBD001C0C37 /* Supporting Files */ = {
			isa = PBXGroup;
			children = (
				A91657011565B6A700B5EB80 /* dot.png */,
				A9F1E851155C4BBD001C0C37 /* GestureCompositor-Info.plist */,
				A9F1E852155C4BBD001C0C37 /* InfoPlist.strings */,
				A9F1E855155C4BBD001C0C37 /* main.m */,
				A9F1E857155C4BBD001C0C37 /* GestureCompositor-Prefix.pch */,
				A9F1E858155C4BBD001C0C37 /* Credits.rtf */,
			);
			name = "Supporting Files";
			sourceTree = "<group>";
		};
/* End PBXGroup section */

/* Begin PBXNativeTarget section */
		A916A9DA1566C9F500362B04 /* GestureCompositorMobile */ = {
			isa = PBXNativeTarget;
			buildConfigurationList = A916A9F61566C9F500362B04 /* Build configuration list for PBXNativeTarget "GestureCompositorMobile" */;
			buildPhases = (
				A916A9D71566C9F500362B04 /* Sources */,
				A916A9D81566C9F500362B04 /* Frameworks */,
				A916A9D91566C9F500362B04 /* Resources */,
			);
			buildRules = (
			);
			dependencies = (
			);
			name = GestureCompositorMobile;
			productName = GestureCompositorMobile;
			productReference = A916A9DB1566C9F500362B04 /* GestureCompositorMobile.app */;
			productType = "com.apple.product-type.application";
		};
		A92D6A751582B7B20078866E /* majororientation */ = {
			isa = PBXNativeTarget;
			buildConfigurationList = A92D6A801582B7B20078866E /* Build configuration list for PBXNativeTarget "majororientation" */;
			buildPhases = (
				A92D6A721582B7B20078866E /* Sources */,
				A92D6A731582B7B20078866E /* Frameworks */,
				A92D6A741582B7B20078866E /* CopyFiles */,
			);
			buildRules = (
			);
			dependencies = (
			);
			name = majororientation;
			productName = majororientation;
			productReference = A92D6A761582B7B20078866E /* majororientation */;
			productType = "com.apple.product-type.tool";
		};
		A9F1E82E155C34A3001C0C37 /* gesturedrawer */ = {
			isa = PBXNativeTarget;
			buildConfigurationList = A9F1E83E155C34A3001C0C37 /* Build configuration list for PBXNativeTarget "gesturedrawer" */;
			buildPhases = (
				A9F1E82B155C34A3001C0C37 /* Sources */,
				A9F1E82C155C34A3001C0C37 /* Frameworks */,
				A9F1E82D155C34A3001C0C37 /* CopyFiles */,
			);
			buildRules = (
			);
			dependencies = (
			);
			name = gesturedrawer;
			productName = gesturedrawer;
			productReference = A9F1E82F155C34A3001C0C37 /* gesturedrawer */;
			productType = "com.apple.product-type.tool";
		};
		A9F1E846155C4BBD001C0C37 /* GestureCompositor */ = {
			isa = PBXNativeTarget;
			buildConfigurationList = A9F1E861155C4BBD001C0C37 /* Build configuration list for PBXNativeTarget "GestureCompositor" */;
			buildPhases = (
				A9F1E843155C4BBD001C0C37 /* Sources */,
				A9F1E844155C4BBD001C0C37 /* Frameworks */,
				A9F1E845155C4BBD001C0C37 /* Resources */,
			);
			buildRules = (
			);
			dependencies = (
			);
			name = GestureCompositor;
			productName = GestureCompositor;
			productReference = A9F1E847155C4BBD001C0C37 /* GestureCompositor.app */;
			productType = "com.apple.product-type.application";
		};
/* End PBXNativeTarget section */

/* Begin PBXProject section */
		A9F1E826155C34A3001C0C37 /* Project object */ = {
			isa = PBXProject;
			attributes = {
				LastUpgradeCheck = 0430;
				ORGANIZATIONNAME = Headnix;
			};
			buildConfigurationList = A9F1E829155C34A3001C0C37 /* Build configuration list for PBXProject "gesturedrawer" */;
			compatibilityVersion = "Xcode 3.2";
			developmentRegion = English;
			hasScannedForEncodings = 0;
			knownRegions = (
				en,
			);
			mainGroup = A9F1E824155C34A3001C0C37;
			productRefGroup = A9F1E830155C34A3001C0C37 /* Products */;
			projectDirPath = "";
			projectRoot = "";
			targets = (
				A9F1E82E155C34A3001C0C37 /* gesturedrawer */,
				A9F1E846155C4BBD001C0C37 /* GestureCompositor */,
				A916A9DA1566C9F500362B04 /* GestureCompositorMobile */,
				A92D6A751582B7B20078866E /* majororientation */,
			);
		};
/* End PBXProject section */

/* Begin PBXResourcesBuildPhase section */
		A916A9D91566C9F500362B04 /* Resources */ = {
			isa = PBXResourcesBuildPhase;
			buildActionMask = 2147483647;
			files = (
				A916A9E71566C9F500362B04 /* InfoPlist.strings in Resources */,
				A916A9F31566C9F500362B04 /* ViewController.xib in Resources */,
				A9C800061566CB010002B91F /* 158.mp4 in Resources */,
				A9C800071566CB010002B91F /* touches-158.plist in Resources */,
			);
			runOnlyForDeploymentPostprocessing = 0;
		};
		A9F1E845155C4BBD001C0C37 /* Resources */ = {
			isa = PBXResourcesBuildPhase;
			buildActionMask = 2147483647;
			files = (
				A9F1E854155C4BBD001C0C37 /* InfoPlist.strings in Resources */,
				A9F1E85A155C4BBD001C0C37 /* Credits.rtf in Resources */,
				A9F1E860155C4BBD001C0C37 /* MainMenu.xib in Resources */,
				A91657021565B6A700B5EB80 /* dot.png in Resources */,
			);
			runOnlyForDeploymentPostprocessing = 0;
		};
/* End PBXResourcesBuildPhase section */

/* Begin PBXSourcesBuildPhase section */
		A916A9D71566C9F500362B04 /* Sources */ = {
			isa = PBXSourcesBuildPhase;
			buildActionMask = 2147483647;
			files = (
				A916A9E91566C9F500362B04 /* main.m in Sources */,
				A916A9ED1566C9F500362B04 /* AppDelegate.m in Sources */,
				A916A9F01566C9F500362B04 /* ViewController.m in Sources */,
				A9C800031566CA440002B91F /* TouchLayer.m in Sources */,
				A93E65431575959C00AA1F20 /* RenderingUnitV02.m in Sources */,
				A93E6549157595BD00AA1F20 /* RenderingUnitV01.m in Sources */,
				A96D6AF3157802EB00AEC72C /* RectLayer.m in Sources */,
			);
			runOnlyForDeploymentPostprocessing = 0;
		};
		A92D6A721582B7B20078866E /* Sources */ = {
			isa = PBXSourcesBuildPhase;
			buildActionMask = 2147483647;
			files = (
				A92D6A7B1582B7B20078866E /* main.m in Sources */,
			);
			runOnlyForDeploymentPostprocessing = 0;
		};
		A9F1E82B155C34A3001C0C37 /* Sources */ = {
			isa = PBXSourcesBuildPhase;
			buildActionMask = 2147483647;
			files = (
				A9F1E837155C34A3001C0C37 /* main.m in Sources */,
				A99DED3A156509020022DD0F /* TouchLayer.m in Sources */,
				A9967769156B99EC00A55D7B /* RenderingUnit.m in Sources */,
				A93E65411575959C00AA1F20 /* RenderingUnitV02.m in Sources */,
				A93E6547157595BD00AA1F20 /* RenderingUnitV01.m in Sources */,
				A96D6AF0157802E000AEC72C /* RectLayer.m in Sources */,
				A932E70E15AB3E840087FEFC /* RenderingUnitV03.m in Sources */,
				A932E71315AB410D0087FEFC /* TouchPathProxy.m in Sources */,
				A932E71715AB6F000087FEFC /* LineRectLayer.m in Sources */,
			);
			runOnlyForDeploymentPostprocessing = 0;
		};
		A9F1E843155C4BBD001C0C37 /* Sources */ = {
			isa = PBXSourcesBuildPhase;
			buildActionMask = 2147483647;
			files = (
				A9F1E856155C4BBD001C0C37 /* main.m in Sources */,
				A9F1E85D155C4BBD001C0C37 /* AppDelegate.m in Sources */,
				A99DED3B156509020022DD0F /* TouchLayer.m in Sources */,
				A996776A156B99EC00A55D7B /* RenderingUnit.m in Sources */,
				A93E65421575959C00AA1F20 /* RenderingUnitV02.m in Sources */,
				A93E6548157595BD00AA1F20 /* RenderingUnitV01.m in Sources */,
				A96D6AF2157802EA00AEC72C /* RectLayer.m in Sources */,
				A932E70F15AB3E840087FEFC /* RenderingUnitV03.m in Sources */,
				A932E71415AB410D0087FEFC /* TouchPathProxy.m in Sources */,
				A932E71815AB6F000087FEFC /* LineRectLayer.m in Sources */,
			);
			runOnlyForDeploymentPostprocessing = 0;
		};
/* End PBXSourcesBuildPhase section */

/* Begin PBXVariantGroup section */
		A916A9E51566C9F500362B04 /* InfoPlist.strings */ = {
			isa = PBXVariantGroup;
			children = (
				A916A9E61566C9F500362B04 /* en */,
			);
			name = InfoPlist.strings;
			sourceTree = "<group>";
		};
		A916A9F11566C9F500362B04 /* ViewController.xib */ = {
			isa = PBXVariantGroup;
			children = (
				A916A9F21566C9F500362B04 /* en */,
			);
			name = ViewController.xib;
			sourceTree = "<group>";
		};
		A9F1E852155C4BBD001C0C37 /* InfoPlist.strings */ = {
			isa = PBXVariantGroup;
			children = (
				A9F1E853155C4BBD001C0C37 /* en */,
			);
			name = InfoPlist.strings;
			sourceTree = "<group>";
		};
		A9F1E858155C4BBD001C0C37 /* Credits.rtf */ = {
			isa = PBXVariantGroup;
			children = (
				A9F1E859155C4BBD001C0C37 /* en */,
			);
			name = Credits.rtf;
			sourceTree = "<group>";
		};
		A9F1E85E155C4BBD001C0C37 /* MainMenu.xib */ = {
			isa = PBXVariantGroup;
			children = (
				A9F1E85F155C4BBD001C0C37 /* en */,
			);
			name = MainMenu.xib;
			sourceTree = "<group>";
		};
/* End PBXVariantGroup section */

/* Begin XCBuildConfiguration section */
		A916A9F41566C9F500362B04 /* Debug */ = {
			isa = XCBuildConfiguration;
			buildSettings = {
				ARCHS = "$(ARCHS_STANDARD_32_BIT)";
				"CODE_SIGN_IDENTITY[sdk=iphoneos*]" = "iPhone Developer";
				FRAMEWORK_SEARCH_PATHS = (
					"$(inherited)",
					"\"$(SYSTEM_APPS_DIR)/Xcode.app/Contents/Developer/Library/Frameworks\"",
				);
				GCC_PRECOMPILE_PREFIX_HEADER = YES;
				GCC_PREFIX_HEADER = "GestureCompositorMobile/GestureCompositorMobile-Prefix.pch";
				INFOPLIST_FILE = "GestureCompositorMobile/GestureCompositorMobile-Info.plist";
				IPHONEOS_DEPLOYMENT_TARGET = 5.1;
				PRODUCT_NAME = "$(TARGET_NAME)";
				SDKROOT = iphoneos;
				TARGETED_DEVICE_FAMILY = 2;
				WRAPPER_EXTENSION = app;
			};
			name = Debug;
		};
		A916A9F51566C9F500362B04 /* Release */ = {
			isa = XCBuildConfiguration;
			buildSettings = {
				ARCHS = "$(ARCHS_STANDARD_32_BIT)";
				"CODE_SIGN_IDENTITY[sdk=iphoneos*]" = "iPhone Developer";
				FRAMEWORK_SEARCH_PATHS = (
					"$(inherited)",
					"\"$(SYSTEM_APPS_DIR)/Xcode.app/Contents/Developer/Library/Frameworks\"",
				);
				GCC_PRECOMPILE_PREFIX_HEADER = YES;
				GCC_PREFIX_HEADER = "GestureCompositorMobile/GestureCompositorMobile-Prefix.pch";
				INFOPLIST_FILE = "GestureCompositorMobile/GestureCompositorMobile-Info.plist";
				IPHONEOS_DEPLOYMENT_TARGET = 5.1;
				OTHER_CFLAGS = "-DNS_BLOCK_ASSERTIONS=1";
				PRODUCT_NAME = "$(TARGET_NAME)";
				SDKROOT = iphoneos;
				TARGETED_DEVICE_FAMILY = 2;
				VALIDATE_PRODUCT = YES;
				WRAPPER_EXTENSION = app;
			};
			name = Release;
		};
		A92D6A811582B7B20078866E /* Debug */ = {
			isa = XCBuildConfiguration;
			buildSettings = {
				GCC_PRECOMPILE_PREFIX_HEADER = YES;
				GCC_PREFIX_HEADER = "majororientation/majororientation-Prefix.pch";
				PRODUCT_NAME = "$(TARGET_NAME)";
			};
			name = Debug;
		};
		A92D6A821582B7B20078866E /* Release */ = {
			isa = XCBuildConfiguration;
			buildSettings = {
				GCC_PRECOMPILE_PREFIX_HEADER = YES;
				GCC_PREFIX_HEADER = "majororientation/majororientation-Prefix.pch";
				PRODUCT_NAME = "$(TARGET_NAME)";
			};
			name = Release;
		};
		A9F1E83C155C34A3001C0C37 /* Debug */ = {
			isa = XCBuildConfiguration;
			buildSettings = {
				ALWAYS_SEARCH_USER_PATHS = NO;
				ARCHS = "$(ARCHS_STANDARD_64_BIT)";
				CLANG_ENABLE_OBJC_ARC = YES;
				COPY_PHASE_STRIP = NO;
				GCC_C_LANGUAGE_STANDARD = gnu99;
				GCC_DYNAMIC_NO_PIC = NO;
				GCC_ENABLE_OBJC_EXCEPTIONS = YES;
				GCC_OPTIMIZATION_LEVEL = 0;
				GCC_PREPROCESSOR_DEFINITIONS = (
					"DEBUG=1",
					"$(inherited)",
				);
				GCC_SYMBOLS_PRIVATE_EXTERN = NO;
				GCC_VERSION = com.apple.compilers.llvm.clang.1_0;
				GCC_WARN_64_TO_32_BIT_CONVERSION = YES;
				GCC_WARN_ABOUT_RETURN_TYPE = YES;
				GCC_WARN_UNINITIALIZED_AUTOS = YES;
				GCC_WARN_UNUSED_VARIABLE = YES;
				MACOSX_DEPLOYMENT_TARGET = 10.7;
				ONLY_ACTIVE_ARCH = YES;
				SDKROOT = macosx;
			};
			name = Debug;
		};
		A9F1E83D155C34A3001C0C37 /* Release */ = {
			isa = XCBuildConfiguration;
			buildSettings = {
				ALWAYS_SEARCH_USER_PATHS = NO;
				ARCHS = "$(ARCHS_STANDARD_64_BIT)";
				CLANG_ENABLE_OBJC_ARC = YES;
				COPY_PHASE_STRIP = YES;
				DEBUG_INFORMATION_FORMAT = "dwarf-with-dsym";
				GCC_C_LANGUAGE_STANDARD = gnu99;
				GCC_ENABLE_OBJC_EXCEPTIONS = YES;
				GCC_VERSION = com.apple.compilers.llvm.clang.1_0;
				GCC_WARN_64_TO_32_BIT_CONVERSION = YES;
				GCC_WARN_ABOUT_RETURN_TYPE = YES;
				GCC_WARN_UNINITIALIZED_AUTOS = YES;
				GCC_WARN_UNUSED_VARIABLE = YES;
				MACOSX_DEPLOYMENT_TARGET = 10.7;
				SDKROOT = macosx;
			};
			name = Release;
		};
		A9F1E83F155C34A3001C0C37 /* Debug */ = {
			isa = XCBuildConfiguration;
			buildSettings = {
				GCC_PRECOMPILE_PREFIX_HEADER = YES;
				GCC_PREFIX_HEADER = "gesturedrawer/gesturedrawer-Prefix.pch";
				PRODUCT_NAME = "$(TARGET_NAME)";
			};
			name = Debug;
		};
		A9F1E840155C34A3001C0C37 /* Release */ = {
			isa = XCBuildConfiguration;
			buildSettings = {
				GCC_PRECOMPILE_PREFIX_HEADER = YES;
				GCC_PREFIX_HEADER = "gesturedrawer/gesturedrawer-Prefix.pch";
				PRODUCT_NAME = "$(TARGET_NAME)";
			};
			name = Release;
		};
		A9F1E862155C4BBD001C0C37 /* Debug */ = {
			isa = XCBuildConfiguration;
			buildSettings = {
				GCC_PRECOMPILE_PREFIX_HEADER = YES;
				GCC_PREFIX_HEADER = "GestureCompositor/GestureCompositor-Prefix.pch";
				INFOPLIST_FILE = "GestureCompositor/GestureCompositor-Info.plist";
				PRODUCT_NAME = "$(TARGET_NAME)";
				WRAPPER_EXTENSION = app;
			};
			name = Debug;
		};
		A9F1E863155C4BBD001C0C37 /* Release */ = {
			isa = XCBuildConfiguration;
			buildSettings = {
				GCC_PRECOMPILE_PREFIX_HEADER = YES;
				GCC_PREFIX_HEADER = "GestureCompositor/GestureCompositor-Prefix.pch";
				INFOPLIST_FILE = "GestureCompositor/GestureCompositor-Info.plist";
				PRODUCT_NAME = "$(TARGET_NAME)";
				WRAPPER_EXTENSION = app;
			};
			name = Release;
		};
/* End XCBuildConfiguration section */

/* Begin XCConfigurationList section */
		A916A9F61566C9F500362B04 /* Build configuration list for PBXNativeTarget "GestureCompositorMobile" */ = {
			isa = XCConfigurationList;
			buildConfigurations = (
				A916A9F41566C9F500362B04 /* Debug */,
				A916A9F51566C9F500362B04 /* Release */,
			);
			defaultConfigurationIsVisible = 0;
			defaultConfigurationName = Release;
		};
		A92D6A801582B7B20078866E /* Build configuration list for PBXNativeTarget "majororientation" */ = {
			isa = XCConfigurationList;
			buildConfigurations = (
				A92D6A811582B7B20078866E /* Debug */,
				A92D6A821582B7B20078866E /* Release */,
			);
			defaultConfigurationIsVisible = 0;
			defaultConfigurationName = Release;
		};
		A9F1E829155C34A3001C0C37 /* Build configuration list for PBXProject "gesturedrawer" */ = {
			isa = XCConfigurationList;
			buildConfigurations = (
				A9F1E83C155C34A3001C0C37 /* Debug */,
				A9F1E83D155C34A3001C0C37 /* Release */,
			);
			defaultConfigurationIsVisible = 0;
			defaultConfigurationName = Release;
		};
		A9F1E83E155C34A3001C0C37 /* Build configuration list for PBXNativeTarget "gesturedrawer" */ = {
			isa = XCConfigurationList;
			buildConfigurations = (
				A9F1E83F155C34A3001C0C37 /* Debug */,
				A9F1E840155C34A3001C0C37 /* Release */,
			);
			defaultConfigurationIsVisible = 0;
			defaultConfigurationName = Release;
		};
		A9F1E861155C4BBD001C0C37 /* Build configuration list for PBXNativeTarget "GestureCompositor" */ = {
			isa = XCConfigurationList;
			buildConfigurations = (
				A9F1E862155C4BBD001C0C37 /* Debug */,
				A9F1E863155C4BBD001C0C37 /* Release */,
			);
			defaultConfigurationIsVisible = 0;
			defaultConfigurationName = Release;
		};
/* End XCConfigurationList section */
	};
	rootObject = A9F1E826155C34A3001C0C37 /* Project object */;
}
